Microsoft Visual Studio Solution File, Format Version 12.00
# Visual Studio Version 16
VisualStudioVersion = 16.0.30804.86
MinimumVisualStudioVersion = 10.0.40219.1
Project("{6EC3EE1D-3C4E-46DD-8F32-0CC8E7565705}") = "TestBarCodeScanner", "TestBarCodeScanner\TestBarCodeScanner.fsproj", "{ECCE5D82-BEF2-4582-9FC1-215397719966}"
EndProject
Project("{F2A71F9B-5D33-465A-A702-920D77279786}") = "TestBarCodeScanner.Android", "TestBarCodeScanner.Android\TestBarCodeScanner.Android.fsproj", "{2B8BEBB4-6D46-4494-97BA-7A5F4B2A782E}"
EndProject
Project("{F2A71F9B-5D33-465A-A702-920D77279786}") = "TestBarCodeScanner.iOS", "TestBarCodeScanner.iOS\TestBarCodeScanner.iOS.fsproj", "{11250B8A-9E09-43C7-8CBF-CC62701DB6ED}"
EndProject
Global
	GlobalSection(SolutionConfigurationPlatforms) = preSolution
		Ad-Hoc|Any CPU = Ad-Hoc|Any CPU
		Ad-Hoc|ARM = Ad-Hoc|ARM
		Ad-Hoc|iPhone = Ad-Hoc|iPhone
		Ad-Hoc|iPhoneSimulator = Ad-Hoc|iPhoneSimulator
		Ad-Hoc|x64 = Ad-Hoc|x64
		Ad-Hoc|x86 = Ad-Hoc|x86
		AppStore|Any CPU = AppStore|Any CPU
		AppStore|ARM = AppStore|ARM
		AppStore|iPhone = AppStore|iPhone
		AppStore|iPhoneSimulator = AppStore|iPhoneSimulator
		AppStore|x64 = AppStore|x64
		AppStore|x86 = AppStore|x86
		Debug|Any CPU = Debug|Any CPU
		Debug|ARM = Debug|ARM
		Debug|iPhone = Debug|iPhone
		Debug|iPhoneSimulator = Debug|iPhoneSimulator
		Debug|x64 = Debug|x64
		Debug|x86 = Debug|x86
		Release|Any CPU = Release|Any CPU
		Release|ARM = Release|ARM
		Release|iPhone = Release|iPhone
		Release|iPhoneSimulator = Release|iPhoneSimulator
		Release|x64 = Release|x64
		Release|x86 = Release|x86
	EndGlobalSection
	GlobalSection(ProjectConfigurationPlatforms) = postSolution
		{ECCE5D82-BEF2-4582-9FC1-215397719966}.Ad-Hoc|Any CPU.ActiveCfg = Debug|Any CPU
		{ECCE5D82-BEF2-4582-9FC1-215397719966}.Ad-Hoc|Any CPU.Build.0 = Debug|Any CPU
		{ECCE5D82-BEF2-4582-9FC1-215397719966}.Ad-Hoc|ARM.ActiveCfg = Debug|Any CPU
		{ECCE5D82-BEF2-4582-9FC1-215397719966}.Ad-Hoc|ARM.Build.0 = Debug|Any CPU
		{ECCE5D82-BEF2-4582-9FC1-215397719966}.Ad-Hoc|iPhone.ActiveCfg = Debug|Any CPU
		{ECCE5D82-BEF2-4582-9FC1-215397719966}.Ad-Hoc|iPhone.Build.0 = Debug|Any CPU
		{ECCE5D82-BEF2-4582-9FC1-215397719966}.Ad-Hoc|iPhoneSimulator.ActiveCfg = Debug|Any CPU
		{ECCE5D82-BEF2-4582-9FC1-215397719966}.Ad-Hoc|iPhoneSimulator.Build.0 = Debug|Any CPU
		{ECCE5D82-BEF2-4582-9FC1-215397719966}.Ad-Hoc|x64.ActiveCfg = Debug|Any CPU
		{ECCE5D82-BEF2-4582-9FC1-215397719966}.Ad-Hoc|x64.Build.0 = Debug|Any CPU
		{ECCE5D82-BEF2-4582-9FC1-215397719966}.Ad-Hoc|x86.ActiveCfg = Debug|Any CPU
		{ECCE5D82-BEF2-4582-9FC1-215397719966}.Ad-Hoc|x86.Build.0 = Debug|Any CPU
		{ECCE5D82-BEF2-4582-9FC1-215397719966}.AppStore|Any CPU.ActiveCfg = Debug|Any CPU
		{ECCE5D82-BEF2-4582-9FC1-215397719966}.AppStore|Any CPU.Build.0 = Debug|Any CPU
		{ECCE5D82-BEF2-4582-9FC1-215397719966}.AppStore|ARM.ActiveCfg = Debug|Any CPU
		{ECCE5D82-BEF2-4582-9FC1-215397719966}.AppStore|ARM.Build.0 = Debug|Any CPU
		{ECCE5D82-BEF2-4582-9FC1-215397719966}.AppStore|iPhone.ActiveCfg = Debug|Any CPU
		{ECCE5D82-BEF2-4582-9FC1-215397719966}.AppStore|iPhone.Build.0 = Debug|Any CPU
		{ECCE5D82-BEF2-4582-9FC1-215397719966}.AppStore|iPhoneSimulator.ActiveCfg = Debug|Any CPU
		{ECCE5D82-BEF2-4582-9FC1-215397719966}.AppStore|iPhoneSimulator.Build.0 = Debug|Any CPU
		{ECCE5D82-BEF2-4582-9FC1-215397719966}.AppStore|x64.ActiveCfg = Debug|Any CPU
		{ECCE5D82-BEF2-4582-9FC1-215397719966}.AppStore|x64.Build.0 = Debug|Any CPU
		{ECCE5D82-BEF2-4582-9FC1-215397719966}.AppStore|x86.ActiveCfg = Debug|Any CPU
		{ECCE5D82-BEF2-4582-9FC1-215397719966}.AppStore|x86.Build.0 = Debug|Any CPU
		{ECCE5D82-BEF2-4582-9FC1-215397719966}.Debug|Any CPU.ActiveCfg = Debug|Any CPU
		{ECCE5D82-BEF2-4582-9FC1-215397719966}.Debug|Any CPU.Build.0 = Debug|Any CPU
		{ECCE5D82-BEF2-4582-9FC1-215397719966}.Debug|ARM.ActiveCfg = Debug|Any CPU
		{ECCE5D82-BEF2-4582-9FC1-215397719966}.Debug|ARM.Build.0 = Debug|Any CPU
		{ECCE5D82-BEF2-4582-9FC1-215397719966}.Debug|iPhone.ActiveCfg = Debug|Any CPU
		{ECCE5D82-BEF2-4582-9FC1-215397719966}.Debug|iPhone.Build.0 = Debug|Any CPU
		{ECCE5D82-BEF2-4582-9FC1-215397719966}.Debug|iPhoneSimulator.ActiveCfg = Debug|Any CPU
		{ECCE5D82-BEF2-4582-9FC1-215397719966}.Debug|iPhoneSimulator.Build.0 = Debug|Any CPU
		{ECCE5D82-BEF2-4582-9FC1-215397719966}.Debug|x64.ActiveCfg = Debug|Any CPU
		{ECCE5D82-BEF2-4582-9FC1-215397719966}.Debug|x64.Build.0 = Debug|Any CPU
		{ECCE5D82-BEF2-4582-9FC1-215397719966}.Debug|x86.ActiveCfg = Debug|Any CPU
		{ECCE5D82-BEF2-4582-9FC1-215397719966}.Debug|x86.Build.0 = Debug|Any CPU
		{ECCE5D82-BEF2-4582-9FC1-215397719966}.Release|Any CPU.ActiveCfg = Release|Any CPU
		{ECCE5D82-BEF2-4582-9FC1-215397719966}.Release|Any CPU.Build.0 = Release|Any CPU
		{ECCE5D82-BEF2-4582-9FC1-215397719966}.Release|ARM.ActiveCfg = Release|Any CPU
		{ECCE5D82-BEF2-4582-9FC1-215397719966}.Release|ARM.Build.0 = Release|Any CPU
		{ECCE5D82-BEF2-4582-9FC1-215397719966}.Release|iPhone.ActiveCfg = Release|Any CPU
		{ECCE5D82-BEF2-4582-9FC1-215397719966}.Release|iPhone.Build.0 = Release|Any CPU
		{ECCE5D82-BEF2-4582-9FC1-215397719966}.Release|iPhoneSimulator.ActiveCfg = Release|Any CPU
		{ECCE5D82-BEF2-4582-9FC1-215397719966}.Release|iPhoneSimulator.Build.0 = Release|Any CPU
		{ECCE5D82-BEF2-4582-9FC1-215397719966}.Release|x64.ActiveCfg = Release|Any CPU
		{ECCE5D82-BEF2-4582-9FC1-215397719966}.Release|x64.Build.0 = Release|Any CPU
		{ECCE5D82-BEF2-4582-9FC1-215397719966}.Release|x86.ActiveCfg = Release|Any CPU
		{ECCE5D82-BEF2-4582-9FC1-215397719966}.Release|x86.Build.0 = Release|Any CPU
		{2B8BEBB4-6D46-4494-97BA-7A5F4B2A782E}.Ad-Hoc|Any CPU.ActiveCfg = Release|Any CPU
		{2B8BEBB4-6D46-4494-97BA-7A5F4B2A782E}.Ad-Hoc|Any CPU.Build.0 = Release|Any CPU
		{2B8BEBB4-6D46-4494-97BA-7A5F4B2A782E}.Ad-Hoc|ARM.ActiveCfg = Release|Any CPU
		{2B8BEBB4-6D46-4494-97BA-7A5F4B2A782E}.Ad-Hoc|ARM.Build.0 = Release|Any CPU
		{2B8BEBB4-6D46-4494-97BA-7A5F4B2A782E}.Ad-Hoc|iPhone.ActiveCfg = Release|Any CPU
		{2B8BEBB4-6D46-4494-97BA-7A5F4B2A782E}.Ad-Hoc|iPhone.Build.0 = Release|Any CPU
		{2B8BEBB4-6D46-4494-97BA-7A5F4B2A782E}.Ad-Hoc|iPhoneSimulator.ActiveCfg = Release|Any CPU
		{2B8BEBB4-6D46-4494-97BA-7A5F4B2A782E}.Ad-Hoc|iPhoneSimulator.Build.0 = Release|Any CPU
		{2B8BEBB4-6D46-4494-97BA-7A5F4B2A782E}.Ad-Hoc|x64.ActiveCfg = Release|Any CPU
		{2B8BEBB4-6D46-4494-97BA-7A5F4B2A782E}.Ad-Hoc|x64.Build.0 = Release|Any CPU
		{2B8BEBB4-6D46-4494-97BA-7A5F4B2A782E}.Ad-Hoc|x86.ActiveCfg = Release|Any CPU
		{2B8BEBB4-6D46-4494-97BA-7A5F4B2A782E}.Ad-Hoc|x86.Build.0 = Release|Any CPU
		{2B8BEBB4-6D46-4494-97BA-7A5F4B2A782E}.AppStore|Any CPU.ActiveCfg = Release|Any CPU
		{2B8BEBB4-6D46-4494-97BA-7A5F4B2A782E}.AppStore|Any CPU.Build.0 = Release|Any CPU
		{2B8BEBB4-6D46-4494-97BA-7A5F4B2A782E}.AppStore|ARM.ActiveCfg = Release|Any CPU
		{2B8BEBB4-6D46-4494-97BA-7A5F4B2A782E}.AppStore|ARM.Build.0 = Release|Any CPU
		{2B8BEBB4-6D46-4494-97BA-7A5F4B2A782E}.AppStore|iPhone.ActiveCfg = Release|Any CPU
		{2B8BEBB4-6D46-4494-97BA-7A5F4B2A782E}.AppStore|iPhone.Build.0 = Release|Any CPU
		{2B8BEBB4-6D46-4494-97BA-7A5F4B2A782E}.AppStore|iPhoneSimulator.ActiveCfg = Release|Any CPU
		{2B8BEBB4-6D46-4494-97BA-7A5F4B2A782E}.AppStore|iPhoneSimulator.Build.0 = Release|Any CPU
		{2B8BEBB4-6D46-4494-97BA-7A5F4B2A782E}.AppStore|x64.ActiveCfg = Release|Any CPU
		{2B8BEBB4-6D46-4494-97BA-7A5F4B2A782E}.AppStore|x64.Build.0 = Release|Any CPU
		{2B8BEBB4-6D46-4494-97BA-7A5F4B2A782E}.AppStore|x86.ActiveCfg = Release|Any CPU
		{2B8BEBB4-6D46-4494-97BA-7A5F4B2A782E}.AppStore|x86.Build.0 = Release|Any CPU
		{2B8BEBB4-6D46-4494-97BA-7A5F4B2A782E}.Debug|Any CPU.ActiveCfg = Debug|Any CPU
		{2B8BEBB4-6D46-4494-97BA-7A5F4B2A782E}.Debug|Any CPU.Build.0 = Debug|Any CPU
		{2B8BEBB4-6D46-4494-97BA-7A5F4B2A782E}.Debug|Any CPU.Deploy.0 = Debug|Any CPU
		{2B8BEBB4-6D46-4494-97BA-7A5F4B2A782E}.Debug|ARM.ActiveCfg = Debug|Any CPU
		{2B8BEBB4-6D46-4494-97BA-7A5F4B2A782E}.Debug|ARM.Build.0 = Debug|Any CPU
		{2B8BEBB4-6D46-4494-97BA-7A5F4B2A782E}.Debug|iPhone.ActiveCfg = Debug|Any CPU
		{2B8BEBB4-6D46-4494-97BA-7A5F4B2A782E}.Debug|iPhone.Build.0 = Debug|Any CPU
		{2B8BEBB4-6D46-4494-97BA-7A5F4B2A782E}.Debug|iPhoneSimulator.ActiveCfg = Debug|Any CPU
		{2B8BEBB4-6D46-4494-97BA-7A5F4B2A782E}.Debug|iPhoneSimulator.Build.0 = Debug|Any CPU
		{2B8BEBB4-6D46-4494-97BA-7A5F4B2A782E}.Debug|x64.ActiveCfg = Debug|Any CPU
		{2B8BEBB4-6D46-4494-97BA-7A5F4B2A782E}.Debug|x64.Build.0 = Debug|Any CPU
		{2B8BEBB4-6D46-4494-97BA-7A5F4B2A782E}.Debug|x86.ActiveCfg = Debug|Any CPU
		{2B8BEBB4-6D46-4494-97BA-7A5F4B2A782E}.Debug|x86.Build.0 = Debug|Any CPU
		{2B8BEBB4-6D46-4494-97BA-7A5F4B2A782E}.Release|Any CPU.ActiveCfg = Release|Any CPU
		{2B8BEBB4-6D46-4494-97BA-7A5F4B2A782E}.Release|Any CPU.Build.0 = Release|Any CPU
		{2B8BEBB4-6D46-4494-97BA-7A5F4B2A782E}.Release|Any CPU.Deploy.0 = Release|Any CPU
		{2B8BEBB4-6D46-4494-97BA-7A5F4B2A782E}.Release|ARM.ActiveCfg = Release|Any CPU
		{2B8BEBB4-6D46-4494-97BA-7A5F4B2A782E}.Release|ARM.Build.0 = Release|Any CPU
		{2B8BEBB4-6D46-4494-97BA-7A5F4B2A782E}.Release|iPhone.ActiveCfg = Release|Any CPU
		{2B8BEBB4-6D46-4494-97BA-7A5F4B2A782E}.Release|iPhone.Build.0 = Release|Any CPU
		{2B8BEBB4-6D46-4494-97BA-7A5F4B2A782E}.Release|iPhoneSimulator.ActiveCfg = Release|Any CPU
		{2B8BEBB4-6D46-4494-97BA-7A5F4B2A782E}.Release|iPhoneSimulator.Build.0 = Release|Any CPU
		{2B8BEBB4-6D46-4494-97BA-7A5F4B2A782E}.Release|x64.ActiveCfg = Release|Any CPU
		{2B8BEBB4-6D46-4494-97BA-7A5F4B2A782E}.Release|x64.Build.0 = Release|Any CPU
		{2B8BEBB4-6D46-4494-97BA-7A5F4B2A782E}.Release|x86.ActiveCfg = Release|Any CPU
		{2B8BEBB4-6D46-4494-97BA-7A5F4B2A782E}.Release|x86.Build.0 = Release|Any CPU
		{11250B8A-9E09-43C7-8CBF-CC62701DB6ED}.Ad-Hoc|Any CPU.ActiveCfg = Ad-Hoc|iPhone
		{11250B8A-9E09-43C7-8CBF-CC62701DB6ED}.Ad-Hoc|ARM.ActiveCfg = Ad-Hoc|iPhone
		{11250B8A-9E09-43C7-8CBF-CC62701DB6ED}.Ad-Hoc|iPhone.ActiveCfg = Ad-Hoc|iPhone
		{11250B8A-9E09-43C7-8CBF-CC62701DB6ED}.Ad-Hoc|iPhone.Build.0 = Ad-Hoc|iPhone
		{11250B8A-9E09-43C7-8CBF-CC62701DB6ED}.Ad-Hoc|iPhoneSimulator.ActiveCfg = Ad-Hoc|iPhoneSimulator
		{11250B8A-9E09-43C7-8CBF-CC62701DB6ED}.Ad-Hoc|iPhoneSimulator.Build.0 = Ad-Hoc|iPhoneSimulator
		{11250B8A-9E09-43C7-8CBF-CC62701DB6ED}.Ad-Hoc|x64.ActiveCfg = Ad-Hoc|iPhone
		{11250B8A-9E09-43C7-8CBF-CC62701DB6ED}.Ad-Hoc|x86.ActiveCfg = Ad-Hoc|iPhone
		{11250B8A-9E09-43C7-8CBF-CC62701DB6ED}.AppStore|Any CPU.ActiveCfg = AppStore|iPhone
		{11250B8A-9E09-43C7-8CBF-CC62701DB6ED}.AppStore|ARM.ActiveCfg = AppStore|iPhone
		{11250B8A-9E09-43C7-8CBF-CC62701DB6ED}.AppStore|iPhone.ActiveCfg = AppStore|iPhone
		{11250B8A-9E09-43C7-8CBF-CC62701DB6ED}.AppStore|iPhone.Build.0 = AppStore|iPhone
		{11250B8A-9E09-43C7-8CBF-CC62701DB6ED}.AppStore|iPhoneSimulator.ActiveCfg = AppStore|iPhoneSimulator
		{11250B8A-9E09-43C7-8CBF-CC62701DB6ED}.AppStore|iPhoneSimulator.Build.0 = AppStore|iPhoneSimulator
		{11250B8A-9E09-43C7-8CBF-CC62701DB6ED}.AppStore|x64.ActiveCfg = AppStore|iPhone
		{11250B8A-9E09-43C7-8CBF-CC62701DB6ED}.AppStore|x86.ActiveCfg = AppStore|iPhone
		{11250B8A-9E09-43C7-8CBF-CC62701DB6ED}.Debug|Any CPU.ActiveCfg = Debug|iPhone
		{11250B8A-9E09-43C7-8CBF-CC62701DB6ED}.Debug|ARM.ActiveCfg = Debug|iPhone
		{11250B8A-9E09-43C7-8CBF-CC62701DB6ED}.Debug|iPhone.ActiveCfg = Debug|iPhone
		{11250B8A-9E09-43C7-8CBF-CC62701DB6ED}.Debug|iPhone.Build.0 = Debug|iPhone
		{11250B8A-9E09-43C7-8CBF-CC62701DB6ED}.Debug|iPhoneSimulator.ActiveCfg = Debug|iPhoneSimulator
		{11250B8A-9E09-43C7-8CBF-CC62701DB6ED}.Debug|iPhoneSimulator.Build.0 = Debug|iPhoneSimulator
		{11250B8A-9E09-43C7-8CBF-CC62701DB6ED}.Debug|x64.ActiveCfg = Debug|iPhone
		{11250B8A-9E09-43C7-8CBF-CC62701DB6ED}.Debug|x86.ActiveCfg = Debug|iPhone
		{11250B8A-9E09-43C7-8CBF-CC62701DB6ED}.Release|Any CPU.ActiveCfg = Release|iPhone
		{11250B8A-9E09-43C7-8CBF-CC62701DB6ED}.Release|ARM.ActiveCfg = Release|iPhone
		{11250B8A-9E09-43C7-8CBF-CC62701DB6ED}.Release|iPhone.ActiveCfg = Release|iPhone
		{11250B8A-9E09-43C7-8CBF-CC62701DB6ED}.Release|iPhone.Build.0 = Release|iPhone
		{11250B8A-9E09-43C7-8CBF-CC62701DB6ED}.Release|iPhoneSimulator.ActiveCfg = Release|iPhoneSimulator
		{11250B8A-9E09-43C7-8CBF-CC62701DB6ED}.Release|iPhoneSimulator.Build.0 = Release|iPhoneSimulator
		{11250B8A-9E09-43C7-8CBF-CC62701DB6ED}.Release|x64.ActiveCfg = Release|iPhone
		{11250B8A-9E09-43C7-8CBF-CC62701DB6ED}.Release|x86.ActiveCfg = Release|iPhone
	EndGlobalSection
	GlobalSection(SolutionProperties) = preSolution
		HideSolutionNode = FALSE
	EndGlobalSection
	GlobalSection(ExtensibilityGlobals) = postSolution
		SolutionGuid = {F6D05029-56B8-4E45-AF2D-0E76295DDBA2}
	EndGlobalSection
EndGlobal
